
Microsoft Visual Studio Solution File, Format Version 12.00
# Visual Studio Version 17
VisualStudioVersion = 17.4.33213.308
MinimumVisualStudioVersion = 10.0.40219.1
Project("{FAE04EC0-301F-11D3-BF4B-00C04F79EFBC}") = "genericsProblem", "genericsProblem\genericsProblem.csproj", "{49858302-5646-4801-869D-91247287BE36}"
EndProject
Global
	GlobalSection(SolutionConfigurationPlatforms) = preSolution
		Debug|Any CPU = Debug|Any CPU
		Release|Any CPU = Release|Any CPU
	EndGlobalSection
	GlobalSection(ProjectConfigurationPlatforms) = postSolution
		{49858302-5646-4801-869D-91247287BE36}.Debug|Any CPU.ActiveCfg = Debug|Any CPU
		{49858302-5646-4801-869D-91247287BE36}.Debug|Any CPU.Build.0 = Debug|Any CPU
		{49858302-5646-4801-869D-91247287BE36}.Release|Any CPU.ActiveCfg = Release|Any CPU
		{49858302-5646-4801-869D-91247287BE36}.Release|Any CPU.Build.0 = Release|Any CPU
	EndGlobalSection
	GlobalSection(SolutionProperties) = preSolution
		HideSolutionNode = FALSE
	EndGlobalSection
	GlobalSection(ExtensibilityGlobals) = postSolution
		SolutionGuid = {A125D55E-9E57-4E43-822B-9C0BDDFFA409}
	EndGlobalSection
EndGlobal
